<Solution>
  <Configurations>
    <Platform Name="Any CPU" />
    <Platform Name="x64" />
    <Platform Name="x86" />
  </Configurations>
  <Folder Name="/shared/">
    <Project Path="shared/Interfold.Alters.Contracts/Interfold.Alters.Contracts.csproj" />
    <Project Path="shared/Interfold.Alters.Domain/Interfold.Alters.Domain.csproj" />
    <Project Path="shared/Interfold.Auth.Contracts/Interfold.Auth.Contracts.csproj" />
    <Project Path="shared/Interfold.Auth.Domain/Interfold.Auth.Domain.csproj" />
    <Project Path="shared/Interfold.Shared.Contracts/Interfold.Shared.Contracts.csproj" />
    <Project Path="shared/Interfold.Domain/Interfold.Domain.csproj" />
    <Project Path="shared/Interfold.Friendships.Contracts/Interfold.Friendships.Contracts.csproj" />
    <Project Path="shared/Interfold.Friendships.Domain/Interfold.Friendships.Domain.csproj" />
    <Project Path="shared/Interfold.Fronting.Contracts/Interfold.Fronting.Contracts.csproj" />
    <Project Path="shared/Interfold.Fronting.Domain/Interfold.Fronting.Domain.csproj" />
    <Project Path="shared/Interfold.Infrastructure/Interfold.Infrastructure.csproj" />
    <Project Path="shared/Interfold.Journals.Contracts/Interfold.Journals.Contracts.csproj" />
    <Project Path="shared/Interfold.Journals.Domain/Interfold.Journals.Domain.csproj" />
    <Project Path="shared/Interfold.Polls.Contracts/Interfold.Polls.Contracts.csproj" />
    <Project Path="shared/Interfold.Polls.Domain/Interfold.Polls.Domain.csproj" />
    <Project Path="shared/Interfold.Settings.Contracts/Interfold.Settings.Contracts.csproj" />
    <Project Path="shared/Interfold.Settings.Domain/Interfold.Settings.Domain.csproj" />
    <Project Path="shared/Interfold.Socket.Contracts/Interfold.Socket.Contracts.csproj" />
    <Project Path="shared/Interfold.Systems.Contracts/Interfold.Systems.Contracts.csproj" />
    <Project Path="shared/Interfold.Tags.Contracts/Interfold.Tags.Contracts.csproj" />
    <Project Path="shared/Interfold.Tags.Domain/Interfold.Tags.Domain.csproj" />
  </Folder>
  <Folder Name="/infrastructure/">
    <Project Path="infrastructure/Interfold.Infrastructure.InMemory/Interfold.Infrastructure.InMemory.csproj" />
    <Project Path="infrastructure/Interfold.Infrastructure.Postgres/Interfold.Infrastructure.Postgres.csproj" />
    <Project Path="infrastructure/Interfold.Infrastructure.Scylla/Interfold.Infrastructure.Scylla.csproj" />
  </Folder>
  <Folder Name="/host/">
    <Project Path="host/Interfold.Alters.Api/Interfold.Alters.Api.csproj" />
    <Project Path="host/Interfold.Api.Host/Interfold.Api.Host.csproj" />
    <Project Path="host/Interfold.Api.Shared/Interfold.Api.Shared.csproj" />
    <Project Path="host/Interfold.AppHost/Interfold.AppHost.csproj" />
    <Project Path="host/Interfold.Auth.Api/Interfold.Auth.Api.csproj" />
    <Project Path="host/Interfold.Bootstrapper/Interfold.Bootstrapper.csproj" />
    <Project Path="host/Interfold.DatabaseBootstrap/Interfold.DatabaseBootstrap.csproj" />
    <Project Path="host/Interfold.Friendships.Api/Interfold.Friendships.Api.csproj" />
    <Project Path="host/Interfold.Fronting.Api/Interfold.Fronting.Api.csproj" />
    <Project Path="host/Interfold.Journals.Api/Interfold.Journals.Api.csproj" />
    <Project Path="host/Interfold.Ops.Api/Interfold.Ops.Api.csproj" />
    <Project Path="host/Interfold.Polls.Api/Interfold.Polls.Api.csproj" />
    <Project Path="host/Interfold.ServiceDefaults/Interfold.ServiceDefaults.csproj" />
    <Project Path="host/Interfold.Settings.Api/Interfold.Settings.Api.csproj" />
    <Project Path="host/Interfold.Socket.Api/Interfold.Socket.Api.csproj" />
    <Project Path="host/Interfold.Systems.Api/Interfold.Systems.Api.csproj" />
    <Project Path="host/Interfold.Tags.Api/Interfold.Tags.Api.csproj" />
  </Folder>
  <Folder Name="/tools/">
    <Project Path="tools/Interfold.SPDump/Interfold.SPDump.csproj" />
  </Folder>
  <Folder Name="/tests/">
    <Project Path="tests/Interfold.Api.UnitTests/Interfold.Api.UnitTests.csproj" />
    <Project Path="tests/Interfold.Bootstrapper.IntegrationTests/Interfold.Bootstrapper.IntegrationTests.csproj" />
    <Project Path="tests/Interfold.Bootstrapper.UnitTests/Interfold.Bootstrapper.UnitTests.csproj" />
    <Project Path="tests/Interfold.IntegrationTests/Interfold.IntegrationTests.csproj" />
  </Folder>
</Solution>
